
Microsoft Visual Studio Solution File, Format Version 12.00
# Visual Studio 14
VisualStudioVersion = 14.0.25420.1
MinimumVisualStudioVersion = 10.0.40219.1
Project("{FAE04EC0-301F-11D3-BF4B-00C04F79EFBC}") = "OChat.Common", "OChat.Common\OChat.Common.csproj", "{CA656B54-E903-4DC4-8DD4-57D6F9C7AE91}"
EndProject
Project("{FAE04EC0-301F-11D3-BF4B-00C04F79EFBC}") = "OChat.Database", "OChat.Database\OChat.Database.csproj", "{CE893DD9-5A49-4A1E-A8BD-6536375A37DE}"
EndProject
Project("{2150E333-8FDC-42A3-9474-1A3956D46DE8}") = "Server", "Server", "{8363B482-01AE-4019-91B8-C93FFE4131F8}"
EndProject
Global
	GlobalSection(SolutionConfigurationPlatforms) = preSolution
		Debug|Any CPU = Debug|Any CPU
		Release|Any CPU = Release|Any CPU
	EndGlobalSection
	GlobalSection(ProjectConfigurationPlatforms) = postSolution
		{CA656B54-E903-4DC4-8DD4-57D6F9C7AE91}.Debug|Any CPU.ActiveCfg = Debug|Any CPU
		{CA656B54-E903-4DC4-8DD4-57D6F9C7AE91}.Debug|Any CPU.Build.0 = Debug|Any CPU
		{CA656B54-E903-4DC4-8DD4-57D6F9C7AE91}.Release|Any CPU.ActiveCfg = Release|Any CPU
		{CA656B54-E903-4DC4-8DD4-57D6F9C7AE91}.Release|Any CPU.Build.0 = Release|Any CPU
		{CE893DD9-5A49-4A1E-A8BD-6536375A37DE}.Debug|Any CPU.ActiveCfg = Debug|Any CPU
		{CE893DD9-5A49-4A1E-A8BD-6536375A37DE}.Debug|Any CPU.Build.0 = Debug|Any CPU
		{CE893DD9-5A49-4A1E-A8BD-6536375A37DE}.Release|Any CPU.ActiveCfg = Release|Any CPU
		{CE893DD9-5A49-4A1E-A8BD-6536375A37DE}.Release|Any CPU.Build.0 = Release|Any CPU
	EndGlobalSection
	GlobalSection(SolutionProperties) = preSolution
		HideSolutionNode = FALSE
	EndGlobalSection
	GlobalSection(NestedProjects) = preSolution
		{CE893DD9-5A49-4A1E-A8BD-6536375A37DE} = {8363B482-01AE-4019-91B8-C93FFE4131F8}
	EndGlobalSection
EndGlobal
